{
  "version": 4,
  "terraform_version": "1.2.6",
  "serial": 9,
  "lineage": "1cbcaf4a-6f2b-e426-9a52-9bb151d8e699",
  "outputs": {
    "HSM_POC_PUBLIC_IP": {
      "value": "34.242.96.79",
      "type": "string"
    }
  },
  "resources": [
    {
      "mode": "data",
      "type": "template_file",
      "name": "oauth_poc_data",
      "provider": "provider[\"registry.terraform.io/hashicorp/template\"]",
      "instances": [
        {
          "schema_version": 0,
          "attributes": {
            "filename": null,
            "id": "72c99a3bb5a8a34b45780e95cc816a8410d030a625bfc1f4b7b43edf1ebe12bc",
            "rendered": "#!/bin/bash\n\necho \"ecdsa-sha2-nistp256 AAAAE2VjZHNhLXNoYTItbmlzdHAyNTYAAAAIbmlzdHAyNTYAAABBBGIvcnjnp/WG4g5dVyT9lxGB6NSw5g1EVH/77pXIJiWUeazFSLxNQQdJbR6e1Sm5NhKHIKiKWQ5PUbk4+AIPDPg= \u003cssh://sbaizet@LPFR0115|nist256p1\u003e\" \u003e\u003e /home/ubuntu/.ssh/authorized_keys\n",
            "template": "#!/bin/bash\n\necho \"ecdsa-sha2-nistp256 AAAAE2VjZHNhLXNoYTItbmlzdHAyNTYAAAAIbmlzdHAyNTYAAABBBGIvcnjnp/WG4g5dVyT9lxGB6NSw5g1EVH/77pXIJiWUeazFSLxNQQdJbR6e1Sm5NhKHIKiKWQ5PUbk4+AIPDPg= \u003cssh://sbaizet@LPFR0115|nist256p1\u003e\" \u003e\u003e /home/ubuntu/.ssh/authorized_keys\n",
            "vars": null
          },
          "sensitive_attributes": []
        }
      ]
    },
    {
      "mode": "managed",
      "type": "aws_key_pair",
      "name": "this",
      "provider": "provider[\"registry.terraform.io/hashicorp/aws\"]",
      "instances": [
        {
          "schema_version": 1,
          "attributes": {
            "arn": "arn:aws:ec2:eu-west-1:454902641012:key-pair/oauth_poc_poc",
            "fingerprint": "bd:76:98:30:1e:8e:8a:ff:90:f3:cd:21:84:81:34:d1",
            "id": "oauth_poc_poc",
            "key_name": "oauth_poc_poc",
            "key_name_prefix": "",
            "key_pair_id": "key-08f7ef80e0428fb40",
            "key_type": "rsa",
            "public_key": "ssh-rsa AAAAB3NzaC1yc2EAAAADAQABAAABAQCm+SOTMt1xhaof8DC6+XnEWODEXwo+m08R3JXn1cKvYQf15aFpv6BMyfgVAWe7YJj7rFtKE4tL6AfpaZw8yXjBgfKt+Wc3FYL0CEcE+pScH2wCVNFvlLOajaRCMop77RAtHrCam+V4Raf5tGKjejcBC4MoZjrMIOoXil41j/28crBGv9HStSkZC38NL4NhuGQbh2FpogjISbxppMbHSblLOYE2HAAkNsaTuxwJ63MYddeACPz2yLi/xxYSiM2gLOXqHFFjz1BJyq7yhti50VxAQuxeTpYRO5cSc7qoEZqAz5ncNmjzJPgU6OKz43SH9m7V6HWOFARQuEfnjORi89Qj anguyen@LPPS0094",
            "tags": null,
            "tags_all": {}
          },
          "sensitive_attributes": [],
          "private": "eyJzY2hlbWFfdmVyc2lvbiI6IjEifQ=="
        }
      ]
    },
    {
      "mode": "managed",
      "type": "null_resource",
      "name": "ansible_inventory",
      "provider": "provider[\"registry.terraform.io/hashicorp/null\"]",
      "instances": [
        {
          "schema_version": 0,
          "attributes": {
            "id": "2105019893433288131",
            "triggers": null
          },
          "sensitive_attributes": [],
          "dependencies": [
            "aws_key_pair.this",
            "data.template_file.oauth_poc_data",
            "module.oauth_poc_ec2.aws_instance.this",
            "module.oauth_poc_sg.aws_security_group.this",
            "module.oauth_poc_sg.aws_security_group.this_name_prefix"
          ]
        }
      ]
    },
    {
      "module": "module.oauth_poc_ec2",
      "mode": "managed",
      "type": "aws_instance",
      "name": "this",
      "provider": "provider[\"registry.terraform.io/hashicorp/aws\"]",
      "instances": [
        {
          "index_key": 0,
          "schema_version": 1,
          "attributes": {
            "ami": "ami-0d2a4a5d69e46ea0b",
            "arn": "arn:aws:ec2:eu-west-1:454902641012:instance/i-097c398ced4ed7987",
            "associate_public_ip_address": true,
            "availability_zone": "eu-west-1a",
            "capacity_reservation_specification": [
              {
                "capacity_reservation_preference": "open",
                "capacity_reservation_target": []
              }
            ],
            "cpu_core_count": 1,
            "cpu_threads_per_core": 2,
            "credit_specification": [
              {
                "cpu_credits": "standard"
              }
            ],
            "disable_api_stop": false,
            "disable_api_termination": false,
            "ebs_block_device": [],
            "ebs_optimized": false,
            "enclave_options": [
              {
                "enabled": false
              }
            ],
            "ephemeral_block_device": [],
            "get_password_data": false,
            "hibernation": false,
            "host_id": null,
            "host_resource_group_arn": null,
            "iam_instance_profile": "",
            "id": "i-097c398ced4ed7987",
            "instance_initiated_shutdown_behavior": "stop",
            "instance_state": "running",
            "instance_type": "t3.small",
            "ipv6_address_count": 0,
            "ipv6_addresses": [],
            "key_name": "oauth_poc_poc",
            "launch_template": [],
            "maintenance_options": [
              {
                "auto_recovery": "default"
              }
            ],
            "metadata_options": [
              {
                "http_endpoint": "enabled",
                "http_put_response_hop_limit": 1,
                "http_tokens": "optional",
                "instance_metadata_tags": "disabled"
              }
            ],
            "monitoring": false,
            "network_interface": [],
            "outpost_arn": "",
            "password_data": "",
            "placement_group": "",
            "placement_partition_number": null,
            "primary_network_interface_id": "eni-0f0969271a34adcf0",
            "private_dns": "ip-10-251-1-39.eu-west-1.compute.internal",
            "private_dns_name_options": [
              {
                "enable_resource_name_dns_a_record": false,
                "enable_resource_name_dns_aaaa_record": false,
                "hostname_type": "ip-name"
              }
            ],
            "private_ip": "10.251.1.39",
            "public_dns": "ec2-34-242-96-79.eu-west-1.compute.amazonaws.com",
            "public_ip": "34.242.96.79",
            "root_block_device": [
              {
                "delete_on_termination": true,
                "device_name": "/dev/sda1",
                "encrypted": false,
                "iops": 100,
                "kms_key_id": "",
                "tags": null,
                "throughput": 0,
                "volume_id": "vol-07dbe973f9a2ec184",
                "volume_size": 20,
                "volume_type": "gp2"
              }
            ],
            "secondary_private_ips": [],
            "security_groups": [],
            "source_dest_check": true,
            "subnet_id": "subnet-0ec66e0ec14ceae26",
            "tags": {
              "Name": "oauth_poc_poc"
            },
            "tags_all": {
              "Name": "oauth_poc_poc"
            },
            "tenancy": "default",
            "timeouts": null,
            "user_data": "2d0de87f9028cd0e94c7fe2f00f6a7eb6349f1ee",
            "user_data_base64": null,
            "user_data_replace_on_change": false,
            "volume_tags": {
              "Name": "oauth_poc_poc"
            },
            "vpc_security_group_ids": [
              "sg-0d04c4582c7775cbb"
            ]
          },
          "sensitive_attributes": [],
          "private": "eyJlMmJmYjczMC1lY2FhLTExZTYtOGY4OC0zNDM2M2JjN2M0YzAiOnsiY3JlYXRlIjo2MDAwMDAwMDAwMDAsImRlbGV0ZSI6MTIwMDAwMDAwMDAwMCwidXBkYXRlIjo2MDAwMDAwMDAwMDB9LCJzY2hlbWFfdmVyc2lvbiI6IjEifQ==",
          "dependencies": [
            "aws_key_pair.this",
            "data.template_file.oauth_poc_data",
            "module.oauth_poc_sg.aws_security_group.this",
            "module.oauth_poc_sg.aws_security_group.this_name_prefix"
          ]
        }
      ]
    },
    {
      "module": "module.oauth_poc_sg",
      "mode": "managed",
      "type": "aws_security_group",
      "name": "this_name_prefix",
      "provider": "provider[\"registry.terraform.io/hashicorp/aws\"]",
      "instances": [
        {
          "index_key": 0,
          "schema_version": 1,
          "attributes": {
            "arn": "arn:aws:ec2:eu-west-1:454902641012:security-group/sg-0d04c4582c7775cbb",
            "description": "Security Group managed by Terraform",
            "egress": [],
            "id": "sg-0d04c4582c7775cbb",
            "ingress": [],
            "name": "hsm-controller-sg-20230107202020254100000001",
            "name_prefix": "hsm-controller-sg-",
            "owner_id": "454902641012",
            "revoke_rules_on_delete": false,
            "tags": {
              "Name": "hsm-controller-sg"
            },
            "tags_all": {
              "Name": "hsm-controller-sg"
            },
            "timeouts": null,
            "vpc_id": "vpc-0e45330661ead195a"
          },
          "sensitive_attributes": [],
          "private": "eyJlMmJmYjczMC1lY2FhLTExZTYtOGY4OC0zNDM2M2JjN2M0YzAiOnsiY3JlYXRlIjo2MDAwMDAwMDAwMDAsImRlbGV0ZSI6OTAwMDAwMDAwMDAwfSwic2NoZW1hX3ZlcnNpb24iOiIxIn0=",
          "create_before_destroy": true
        }
      ]
    },
    {
      "module": "module.oauth_poc_sg",
      "mode": "managed",
      "type": "aws_security_group_rule",
      "name": "egress_rules",
      "provider": "provider[\"registry.terraform.io/hashicorp/aws\"]",
      "instances": [
        {
          "index_key": 0,
          "schema_version": 2,
          "attributes": {
            "cidr_blocks": [
              "0.0.0.0/0"
            ],
            "description": "All protocols",
            "from_port": -1,
            "id": "sgrule-1686490602",
            "ipv6_cidr_blocks": [
              "::/0"
            ],
            "prefix_list_ids": [],
            "protocol": "-1",
            "security_group_id": "sg-0d04c4582c7775cbb",
            "security_group_rule_id": "",
            "self": false,
            "source_security_group_id": null,
            "timeouts": null,
            "to_port": -1,
            "type": "egress"
          },
          "sensitive_attributes": [],
          "private": "eyJlMmJmYjczMC1lY2FhLTExZTYtOGY4OC0zNDM2M2JjN2M0YzAiOnsiY3JlYXRlIjozMDAwMDAwMDAwMDB9LCJzY2hlbWFfdmVyc2lvbiI6IjIifQ==",
          "dependencies": [
            "module.oauth_poc_sg.aws_security_group.this",
            "module.oauth_poc_sg.aws_security_group.this_name_prefix"
          ]
        }
      ]
    },
    {
      "module": "module.oauth_poc_sg",
      "mode": "managed",
      "type": "aws_security_group_rule",
      "name": "ingress_rules",
      "provider": "provider[\"registry.terraform.io/hashicorp/aws\"]",
      "instances": [
        {
          "index_key": 0,
          "schema_version": 2,
          "attributes": {
            "cidr_blocks": [
              "213.215.6.86/32",
              "89.3.198.165/32",
              "194.79.179.82/32",
              "37.58.221.152/32",
              "77.158.138.66/32",
              "167.99.199.228/32",
              "62.23.155.50/32",
              "185.160.8.88/32",
              "52.50.31.80/32",
              "34.240.150.212/32",
              "212.106.106.198/32"
            ],
            "description": "SSH",
            "from_port": 22,
            "id": "sgrule-103125353",
            "ipv6_cidr_blocks": [],
            "prefix_list_ids": [],
            "protocol": "tcp",
            "security_group_id": "sg-0d04c4582c7775cbb",
            "security_group_rule_id": "",
            "self": false,
            "source_security_group_id": null,
            "timeouts": null,
            "to_port": 22,
            "type": "ingress"
          },
          "sensitive_attributes": [],
          "private": "eyJlMmJmYjczMC1lY2FhLTExZTYtOGY4OC0zNDM2M2JjN2M0YzAiOnsiY3JlYXRlIjozMDAwMDAwMDAwMDB9LCJzY2hlbWFfdmVyc2lvbiI6IjIifQ==",
          "dependencies": [
            "module.oauth_poc_sg.aws_security_group.this",
            "module.oauth_poc_sg.aws_security_group.this_name_prefix"
          ]
        },
        {
          "index_key": 1,
          "schema_version": 2,
          "attributes": {
            "cidr_blocks": [
              "213.215.6.86/32",
              "89.3.198.165/32",
              "194.79.179.82/32",
              "37.58.221.152/32",
              "77.158.138.66/32",
              "167.99.199.228/32",
              "62.23.155.50/32",
              "185.160.8.88/32",
              "52.50.31.80/32",
              "34.240.150.212/32",
              "212.106.106.198/32"
            ],
            "description": "HTTP",
            "from_port": 8080,
            "id": "sgrule-3345303060",
            "ipv6_cidr_blocks": [],
            "prefix_list_ids": [],
            "protocol": "tcp",
            "security_group_id": "sg-0d04c4582c7775cbb",
            "security_group_rule_id": "",
            "self": false,
            "source_security_group_id": null,
            "timeouts": null,
            "to_port": 8080,
            "type": "ingress"
          },
          "sensitive_attributes": [],
          "private": "eyJlMmJmYjczMC1lY2FhLTExZTYtOGY4OC0zNDM2M2JjN2M0YzAiOnsiY3JlYXRlIjozMDAwMDAwMDAwMDB9LCJzY2hlbWFfdmVyc2lvbiI6IjIifQ==",
          "dependencies": [
            "module.oauth_poc_sg.aws_security_group.this",
            "module.oauth_poc_sg.aws_security_group.this_name_prefix"
          ]
        },
        {
          "index_key": 2,
          "schema_version": 2,
          "attributes": {
            "cidr_blocks": [
              "213.215.6.86/32",
              "89.3.198.165/32",
              "194.79.179.82/32",
              "37.58.221.152/32",
              "77.158.138.66/32",
              "167.99.199.228/32",
              "62.23.155.50/32",
              "185.160.8.88/32",
              "52.50.31.80/32",
              "34.240.150.212/32",
              "212.106.106.198/32"
            ],
            "description": "HTTPS",
            "from_port": 443,
            "id": "sgrule-911450963",
            "ipv6_cidr_blocks": [],
            "prefix_list_ids": [],
            "protocol": "tcp",
            "security_group_id": "sg-0d04c4582c7775cbb",
            "security_group_rule_id": "",
            "self": false,
            "source_security_group_id": null,
            "timeouts": null,
            "to_port": 443,
            "type": "ingress"
          },
          "sensitive_attributes": [],
          "private": "eyJlMmJmYjczMC1lY2FhLTExZTYtOGY4OC0zNDM2M2JjN2M0YzAiOnsiY3JlYXRlIjozMDAwMDAwMDAwMDB9LCJzY2hlbWFfdmVyc2lvbiI6IjIifQ==",
          "dependencies": [
            "module.oauth_poc_sg.aws_security_group.this",
            "module.oauth_poc_sg.aws_security_group.this_name_prefix"
          ]
        }
      ]
    }
  ]
}
