{
  "version": 4,
  "terraform_version": "1.2.6",
  "serial": 26,
  "lineage": "1cbcaf4a-6f2b-e426-9a52-9bb151d8e699",
  "outputs": {},
  "resources": [
    {
      "mode": "data",
      "type": "template_file",
      "name": "oauth_poc_data",
      "provider": "provider[\"registry.terraform.io/hashicorp/template\"]",
      "instances": [
        {
          "schema_version": 0,
          "attributes": {
            "filename": null,
            "id": "72c99a3bb5a8a34b45780e95cc816a8410d030a625bfc1f4b7b43edf1ebe12bc",
            "rendered": "#!/bin/bash\n\necho \"ecdsa-sha2-nistp256 AAAAE2VjZHNhLXNoYTItbmlzdHAyNTYAAAAIbmlzdHAyNTYAAABBBGIvcnjnp/WG4g5dVyT9lxGB6NSw5g1EVH/77pXIJiWUeazFSLxNQQdJbR6e1Sm5NhKHIKiKWQ5PUbk4+AIPDPg= \u003cssh://sbaizet@LPFR0115|nist256p1\u003e\" \u003e\u003e /home/ubuntu/.ssh/authorized_keys\n",
            "template": "#!/bin/bash\n\necho \"ecdsa-sha2-nistp256 AAAAE2VjZHNhLXNoYTItbmlzdHAyNTYAAAAIbmlzdHAyNTYAAABBBGIvcnjnp/WG4g5dVyT9lxGB6NSw5g1EVH/77pXIJiWUeazFSLxNQQdJbR6e1Sm5NhKHIKiKWQ5PUbk4+AIPDPg= \u003cssh://sbaizet@LPFR0115|nist256p1\u003e\" \u003e\u003e /home/ubuntu/.ssh/authorized_keys\n",
            "vars": null
          },
          "sensitive_attributes": []
        }
      ]
    },
    {
      "mode": "managed",
      "type": "aws_key_pair",
      "name": "this",
      "provider": "provider[\"registry.terraform.io/hashicorp/aws\"]",
      "instances": [
        {
          "schema_version": 1,
          "attributes": {
            "arn": "arn:aws:ec2:eu-west-1:454902641012:key-pair/oauth_poc_poc",
            "fingerprint": "bd:76:98:30:1e:8e:8a:ff:90:f3:cd:21:84:81:34:d1",
            "id": "oauth_poc_poc",
            "key_name": "oauth_poc_poc",
            "key_name_prefix": "",
            "key_pair_id": "key-080c407aefa6f1ca6",
            "key_type": "rsa",
            "public_key": "ssh-rsa AAAAB3NzaC1yc2EAAAADAQABAAABAQCm+SOTMt1xhaof8DC6+XnEWODEXwo+m08R3JXn1cKvYQf15aFpv6BMyfgVAWe7YJj7rFtKE4tL6AfpaZw8yXjBgfKt+Wc3FYL0CEcE+pScH2wCVNFvlLOajaRCMop77RAtHrCam+V4Raf5tGKjejcBC4MoZjrMIOoXil41j/28crBGv9HStSkZC38NL4NhuGQbh2FpogjISbxppMbHSblLOYE2HAAkNsaTuxwJ63MYddeACPz2yLi/xxYSiM2gLOXqHFFjz1BJyq7yhti50VxAQuxeTpYRO5cSc7qoEZqAz5ncNmjzJPgU6OKz43SH9m7V6HWOFARQuEfnjORi89Qj anguyen@LPPS0094",
            "tags": null,
            "tags_all": {}
          },
          "sensitive_attributes": [],
          "private": "eyJzY2hlbWFfdmVyc2lvbiI6IjEifQ=="
        }
      ]
    },
    {
      "mode": "managed",
      "type": "null_resource",
      "name": "ansible_inventory",
      "provider": "provider[\"registry.terraform.io/hashicorp/null\"]",
      "instances": []
    },
    {
      "module": "module.oauth_poc_sg",
      "mode": "managed",
      "type": "aws_security_group",
      "name": "this_name_prefix",
      "provider": "provider[\"registry.terraform.io/hashicorp/aws\"]",
      "instances": [
        {
          "index_key": 0,
          "schema_version": 1,
          "attributes": {
            "arn": "arn:aws:ec2:eu-west-1:454902641012:security-group/sg-07f22512a98a03266",
            "description": "Security Group managed by Terraform",
            "egress": [],
            "id": "sg-07f22512a98a03266",
            "ingress": [],
            "name": "hsm-controller-sg-20230123132211299800000001",
            "name_prefix": "hsm-controller-sg-",
            "owner_id": "454902641012",
            "revoke_rules_on_delete": false,
            "tags": {
              "Name": "hsm-controller-sg"
            },
            "tags_all": {
              "Name": "hsm-controller-sg"
            },
            "timeouts": null,
            "vpc_id": "vpc-0e45330661ead195a"
          },
          "sensitive_attributes": [],
          "private": "eyJlMmJmYjczMC1lY2FhLTExZTYtOGY4OC0zNDM2M2JjN2M0YzAiOnsiY3JlYXRlIjo2MDAwMDAwMDAwMDAsImRlbGV0ZSI6OTAwMDAwMDAwMDAwfSwic2NoZW1hX3ZlcnNpb24iOiIxIn0=",
          "create_before_destroy": true
        }
      ]
    },
    {
      "module": "module.oauth_poc_sg",
      "mode": "managed",
      "type": "aws_security_group_rule",
      "name": "egress_rules",
      "provider": "provider[\"registry.terraform.io/hashicorp/aws\"]",
      "instances": [
        {
          "index_key": 0,
          "schema_version": 2,
          "attributes": {
            "cidr_blocks": [
              "0.0.0.0/0"
            ],
            "description": "All protocols",
            "from_port": -1,
            "id": "sgrule-1201261683",
            "ipv6_cidr_blocks": [
              "::/0"
            ],
            "prefix_list_ids": [],
            "protocol": "-1",
            "security_group_id": "sg-07f22512a98a03266",
            "security_group_rule_id": "",
            "self": false,
            "source_security_group_id": null,
            "timeouts": null,
            "to_port": -1,
            "type": "egress"
          },
          "sensitive_attributes": [],
          "private": "eyJlMmJmYjczMC1lY2FhLTExZTYtOGY4OC0zNDM2M2JjN2M0YzAiOnsiY3JlYXRlIjozMDAwMDAwMDAwMDB9LCJzY2hlbWFfdmVyc2lvbiI6IjIifQ==",
          "dependencies": [
            "module.oauth_poc_sg.aws_security_group.this",
            "module.oauth_poc_sg.aws_security_group.this_name_prefix"
          ]
        }
      ]
    },
    {
      "module": "module.oauth_poc_sg",
      "mode": "managed",
      "type": "aws_security_group_rule",
      "name": "ingress_rules",
      "provider": "provider[\"registry.terraform.io/hashicorp/aws\"]",
      "instances": [
        {
          "index_key": 0,
          "schema_version": 2,
          "attributes": {
            "cidr_blocks": [
              "213.215.6.86/32",
              "89.3.198.165/32",
              "194.79.179.82/32",
              "37.58.221.152/32",
              "77.158.138.66/32",
              "167.99.199.228/32",
              "62.23.155.50/32",
              "185.160.8.88/32",
              "52.50.31.80/32",
              "34.240.150.212/32",
              "212.106.106.198/32"
            ],
            "description": "SSH",
            "from_port": 22,
            "id": "sgrule-2733338389",
            "ipv6_cidr_blocks": [],
            "prefix_list_ids": [],
            "protocol": "tcp",
            "security_group_id": "sg-07f22512a98a03266",
            "security_group_rule_id": "",
            "self": false,
            "source_security_group_id": null,
            "timeouts": null,
            "to_port": 22,
            "type": "ingress"
          },
          "sensitive_attributes": [],
          "private": "eyJlMmJmYjczMC1lY2FhLTExZTYtOGY4OC0zNDM2M2JjN2M0YzAiOnsiY3JlYXRlIjozMDAwMDAwMDAwMDB9LCJzY2hlbWFfdmVyc2lvbiI6IjIifQ==",
          "dependencies": [
            "module.oauth_poc_sg.aws_security_group.this",
            "module.oauth_poc_sg.aws_security_group.this_name_prefix"
          ]
        },
        {
          "index_key": 1,
          "schema_version": 2,
          "attributes": {
            "cidr_blocks": [
              "213.215.6.86/32",
              "89.3.198.165/32",
              "194.79.179.82/32",
              "37.58.221.152/32",
              "77.158.138.66/32",
              "167.99.199.228/32",
              "62.23.155.50/32",
              "185.160.8.88/32",
              "52.50.31.80/32",
              "34.240.150.212/32",
              "212.106.106.198/32"
            ],
            "description": "HTTP",
            "from_port": 8080,
            "id": "sgrule-3709115099",
            "ipv6_cidr_blocks": [],
            "prefix_list_ids": [],
            "protocol": "tcp",
            "security_group_id": "sg-07f22512a98a03266",
            "security_group_rule_id": "",
            "self": false,
            "source_security_group_id": null,
            "timeouts": null,
            "to_port": 8080,
            "type": "ingress"
          },
          "sensitive_attributes": [],
          "private": "eyJlMmJmYjczMC1lY2FhLTExZTYtOGY4OC0zNDM2M2JjN2M0YzAiOnsiY3JlYXRlIjozMDAwMDAwMDAwMDB9LCJzY2hlbWFfdmVyc2lvbiI6IjIifQ==",
          "dependencies": [
            "module.oauth_poc_sg.aws_security_group.this",
            "module.oauth_poc_sg.aws_security_group.this_name_prefix"
          ]
        },
        {
          "index_key": 2,
          "schema_version": 2,
          "attributes": {
            "cidr_blocks": [
              "213.215.6.86/32",
              "89.3.198.165/32",
              "194.79.179.82/32",
              "37.58.221.152/32",
              "77.158.138.66/32",
              "167.99.199.228/32",
              "62.23.155.50/32",
              "185.160.8.88/32",
              "52.50.31.80/32",
              "34.240.150.212/32",
              "212.106.106.198/32"
            ],
            "description": "HTTPS",
            "from_port": 443,
            "id": "sgrule-4024233596",
            "ipv6_cidr_blocks": [],
            "prefix_list_ids": [],
            "protocol": "tcp",
            "security_group_id": "sg-07f22512a98a03266",
            "security_group_rule_id": "",
            "self": false,
            "source_security_group_id": null,
            "timeouts": null,
            "to_port": 443,
            "type": "ingress"
          },
          "sensitive_attributes": [],
          "private": "eyJlMmJmYjczMC1lY2FhLTExZTYtOGY4OC0zNDM2M2JjN2M0YzAiOnsiY3JlYXRlIjozMDAwMDAwMDAwMDB9LCJzY2hlbWFfdmVyc2lvbiI6IjIifQ==",
          "dependencies": [
            "module.oauth_poc_sg.aws_security_group.this",
            "module.oauth_poc_sg.aws_security_group.this_name_prefix"
          ]
        }
      ]
    }
  ]
}
